// !$*UTF8*$!
{
	archiveVersion = 1;
	classes = {
	};
	objectVersion = 46;
	objects = {

/* Begin PBXBuildFile section */
		32E39EC4A40F36754F3DDE82 /* Pods_pokeddex.framework in Frameworks */ = {isa = PBXBuildFile; fileRef = 3E470F61B514FB5AE9482B5C /* Pods_pokeddex.framework */; };
		B31F85801D453BA900CF3EE9 /* AppDelegate.swift in Sources */ = {isa = PBXBuildFile; fileRef = B31F857F1D453BA900CF3EE9 /* AppDelegate.swift */; };
		B31F85821D453BA900CF3EE9 /* ViewController.swift in Sources */ = {isa = PBXBuildFile; fileRef = B31F85811D453BA900CF3EE9 /* ViewController.swift */; };
		B31F85871D453BA900CF3EE9 /* Assets.xcassets in Resources */ = {isa = PBXBuildFile; fileRef = B31F85861D453BA900CF3EE9 /* Assets.xcassets */; };
		B31F858A1D453BA900CF3EE9 /* LaunchScreen.storyboard in Resources */ = {isa = PBXBuildFile; fileRef = B31F85881D453BA900CF3EE9 /* LaunchScreen.storyboard */; };
		B31F85921D453D9300CF3EE9 /* pokemon.csv in Resources */ = {isa = PBXBuildFile; fileRef = B31F85911D453D9300CF3EE9 /* pokemon.csv */; };
		B31F85951D453ED100CF3EE9 /* pokemon.swift in Sources */ = {isa = PBXBuildFile; fileRef = B31F85941D453ED100CF3EE9 /* pokemon.swift */; };
		B343BB4A1D466A27001790E0 /* PokeCell.swift in Sources */ = {isa = PBXBuildFile; fileRef = B343BB491D466A27001790E0 /* PokeCell.swift */; };
		B343BB4C1D467B1B001790E0 /* csv.swift in Sources */ = {isa = PBXBuildFile; fileRef = B343BB4B1D467B1B001790E0 /* csv.swift */; };
		B37FB0D01D4DE71D0043D4B1 /* Pokemon.ttf in Resources */ = {isa = PBXBuildFile; fileRef = B37FB0CF1D4DE71D0043D4B1 /* Pokemon.ttf */; };
		B37FB0D21D4E568C0043D4B1 /* music.mp3 in Resources */ = {isa = PBXBuildFile; fileRef = B37FB0D11D4E568C0043D4B1 /* music.mp3 */; };
		B37FB0D61D4E71BC0043D4B1 /* pokemonDetailVC.swift in Sources */ = {isa = PBXBuildFile; fileRef = B37FB0D51D4E71BC0043D4B1 /* pokemonDetailVC.swift */; };
		B37FB0D81D4E75440043D4B1 /* Main.storyboard in Resources */ = {isa = PBXBuildFile; fileRef = B37FB0D71D4E75440043D4B1 /* Main.storyboard */; };
		B39070B41D5CE34200959EC6 /* Constants.swift in Sources */ = {isa = PBXBuildFile; fileRef = B39070B31D5CE34200959EC6 /* Constants.swift */; };
/* End PBXBuildFile section */

/* Begin PBXFileReference section */
		03B96E0B7D286A25A9F97A0A /* Pods-pokeddex.release.xcconfig */ = {isa = PBXFileReference; includeInIndex = 1; lastKnownFileType = text.xcconfig; name = "Pods-pokeddex.release.xcconfig"; path = "Pods/Target Support Files/Pods-pokeddex/Pods-pokeddex.release.xcconfig"; sourceTree = "<group>"; };
		3E470F61B514FB5AE9482B5C /* Pods_pokeddex.framework */ = {isa = PBXFileReference; explicitFileType = wrapper.framework; includeInIndex = 0; path = Pods_pokeddex.framework; sourceTree = BUILT_PRODUCTS_DIR; };
		632C42BA964773813C4BC841 /* Pods-pokeddex.debug.xcconfig */ = {isa = PBXFileReference; includeInIndex = 1; lastKnownFileType = text.xcconfig; name = "Pods-pokeddex.debug.xcconfig"; path = "Pods/Target Support Files/Pods-pokeddex/Pods-pokeddex.debug.xcconfig"; sourceTree = "<group>"; };
		B31F857C1D453BA900CF3EE9 /* pokeddex.app */ = {isa = PBXFileReference; explicitFileType = wrapper.application; includeInIndex = 0; path = pokeddex.app; sourceTree = BUILT_PRODUCTS_DIR; };
		B31F857F1D453BA900CF3EE9 /* AppDelegate.swift */ = {isa = PBXFileReference; lastKnownFileType = sourcecode.swift; path = AppDelegate.swift; sourceTree = "<group>"; };
		B31F85811D453BA900CF3EE9 /* ViewController.swift */ = {isa = PBXFileReference; lastKnownFileType = sourcecode.swift; path = ViewController.swift; sourceTree = "<group>"; };
		B31F85861D453BA900CF3EE9 /* Assets.xcassets */ = {isa = PBXFileReference; lastKnownFileType = folder.assetcatalog; path = Assets.xcassets; sourceTree = "<group>"; };
		B31F85891D453BA900CF3EE9 /* Base */ = {isa = PBXFileReference; lastKnownFileType = file.storyboard; name = Base; path = Base.lproj/LaunchScreen.storyboard; sourceTree = "<group>"; };
		B31F858B1D453BA900CF3EE9 /* Info.plist */ = {isa = PBXFileReference; lastKnownFileType = text.plist.xml; path = Info.plist; sourceTree = "<group>"; };
		B31F85911D453D9300CF3EE9 /* pokemon.csv */ = {isa = PBXFileReference; fileEncoding = 4; lastKnownFileType = text; path = pokemon.csv; sourceTree = "<group>"; };
		B31F85941D453ED100CF3EE9 /* pokemon.swift */ = {isa = PBXFileReference; fileEncoding = 4; lastKnownFileType = sourcecode.swift; path = pokemon.swift; sourceTree = "<group>"; };
		B343BB491D466A27001790E0 /* PokeCell.swift */ = {isa = PBXFileReference; fileEncoding = 4; lastKnownFileType = sourcecode.swift; path = PokeCell.swift; sourceTree = "<group>"; };
		B343BB4B1D467B1B001790E0 /* csv.swift */ = {isa = PBXFileReference; fileEncoding = 4; lastKnownFileType = sourcecode.swift; path = csv.swift; sourceTree = "<group>"; };
		B37FB0CF1D4DE71D0043D4B1 /* Pokemon.ttf */ = {isa = PBXFileReference; lastKnownFileType = file; path = Pokemon.ttf; sourceTree = "<group>"; };
		B37FB0D11D4E568C0043D4B1 /* music.mp3 */ = {isa = PBXFileReference; lastKnownFileType = audio.mp3; path = music.mp3; sourceTree = "<group>"; };
		B37FB0D51D4E71BC0043D4B1 /* pokemonDetailVC.swift */ = {isa = PBXFileReference; fileEncoding = 4; lastKnownFileType = sourcecode.swift; path = pokemonDetailVC.swift; sourceTree = "<group>"; };
		B37FB0D71D4E75440043D4B1 /* Main.storyboard */ = {isa = PBXFileReference; fileEncoding = 4; lastKnownFileType = file.storyboard; path = Main.storyboard; sourceTree = "<group>"; };
		B39070B31D5CE34200959EC6 /* Constants.swift */ = {isa = PBXFileReference; fileEncoding = 4; lastKnownFileType = sourcecode.swift; path = Constants.swift; sourceTree = "<group>"; };
/* End PBXFileReference section */

/* Begin PBXFrameworksBuildPhase section */
		B31F85791D453BA900CF3EE9 /* Frameworks */ = {
			isa = PBXFrameworksBuildPhase;
			buildActionMask = 2147483647;
			files = (
				32E39EC4A40F36754F3DDE82 /* Pods_pokeddex.framework in Frameworks */,
			);
			runOnlyForDeploymentPostprocessing = 0;
		};
/* End PBXFrameworksBuildPhase section */

/* Begin PBXGroup section */
		1A2AAEF4F60293C3A137EAF3 /* Frameworks */ = {
			isa = PBXGroup;
			children = (
				3E470F61B514FB5AE9482B5C /* Pods_pokeddex.framework */,
			);
			name = Frameworks;
			sourceTree = "<group>";
		};
		1AB351A138F5B27EC7535912 /* Pods */ = {
			isa = PBXGroup;
			children = (
				632C42BA964773813C4BC841 /* Pods-pokeddex.debug.xcconfig */,
				03B96E0B7D286A25A9F97A0A /* Pods-pokeddex.release.xcconfig */,
			);
			name = Pods;
			sourceTree = "<group>";
		};
		B31F85731D453BA900CF3EE9 = {
			isa = PBXGroup;
			children = (
				B31F857E1D453BA900CF3EE9 /* pokeddex */,
				B31F857D1D453BA900CF3EE9 /* Products */,
				1AB351A138F5B27EC7535912 /* Pods */,
				1A2AAEF4F60293C3A137EAF3 /* Frameworks */,
			);
			sourceTree = "<group>";
		};
		B31F857D1D453BA900CF3EE9 /* Products */ = {
			isa = PBXGroup;
			children = (
				B31F857C1D453BA900CF3EE9 /* pokeddex.app */,
			);
			name = Products;
			sourceTree = "<group>";
		};
		B31F857E1D453BA900CF3EE9 /* pokeddex */ = {
			isa = PBXGroup;
			children = (
				B31F85931D453EC000CF3EE9 /* model */,
				B343BB481D4669E3001790E0 /* view */,
				B343BB4E1D467B54001790E0 /* Controller */,
				B343BB4D1D467B37001790E0 /* Util */,
				B343BB4F1D467B71001790E0 /* Resources */,
				B31F857F1D453BA900CF3EE9 /* AppDelegate.swift */,
				B37FB0D71D4E75440043D4B1 /* Main.storyboard */,
				B37FB0CF1D4DE71D0043D4B1 /* Pokemon.ttf */,
				B37FB0D11D4E568C0043D4B1 /* music.mp3 */,
				B31F85861D453BA900CF3EE9 /* Assets.xcassets */,
				B31F85881D453BA900CF3EE9 /* LaunchScreen.storyboard */,
				B31F858B1D453BA900CF3EE9 /* Info.plist */,
			);
			path = pokeddex;
			sourceTree = "<group>";
		};
		B31F85931D453EC000CF3EE9 /* model */ = {
			isa = PBXGroup;
			children = (
				B31F85941D453ED100CF3EE9 /* pokemon.swift */,
			);
			name = model;
			sourceTree = "<group>";
		};
		B343BB481D4669E3001790E0 /* view */ = {
			isa = PBXGroup;
			children = (
				B343BB491D466A27001790E0 /* PokeCell.swift */,
			);
			name = view;
			sourceTree = "<group>";
		};
		B343BB4D1D467B37001790E0 /* Util */ = {
			isa = PBXGroup;
			children = (
				B343BB4B1D467B1B001790E0 /* csv.swift */,
				B39070B31D5CE34200959EC6 /* Constants.swift */,
			);
			name = Util;
			sourceTree = "<group>";
		};
		B343BB4E1D467B54001790E0 /* Controller */ = {
			isa = PBXGroup;
			children = (
				B31F85811D453BA900CF3EE9 /* ViewController.swift */,
				B37FB0D51D4E71BC0043D4B1 /* pokemonDetailVC.swift */,
			);
			name = Controller;
			sourceTree = "<group>";
		};
		B343BB4F1D467B71001790E0 /* Resources */ = {
			isa = PBXGroup;
			children = (
				B31F85911D453D9300CF3EE9 /* pokemon.csv */,
			);
			name = Resources;
			sourceTree = "<group>";
		};
/* End PBXGroup section */

/* Begin PBXNativeTarget section */
		B31F857B1D453BA900CF3EE9 /* pokeddex */ = {
			isa = PBXNativeTarget;
			buildConfigurationList = B31F858E1D453BA900CF3EE9 /* Build configuration list for PBXNativeTarget "pokeddex" */;
			buildPhases = (
				85B28FE2479BDE17DCBF8BA2 /* [CP] Check Pods Manifest.lock */,
				B31F85781D453BA900CF3EE9 /* Sources */,
				B31F85791D453BA900CF3EE9 /* Frameworks */,
				B31F857A1D453BA900CF3EE9 /* Resources */,
				70B47E8E0455995C484B45F7 /* [CP] Embed Pods Frameworks */,
				FB57122EE57C4A0487DB7988 /* [CP] Copy Pods Resources */,
			);
			buildRules = (
			);
			dependencies = (
			);
			name = pokeddex;
			productName = pokeddex;
			productReference = B31F857C1D453BA900CF3EE9 /* pokeddex.app */;
			productType = "com.apple.product-type.application";
		};
/* End PBXNativeTarget section */

/* Begin PBXProject section */
		B31F85741D453BA900CF3EE9 /* Project object */ = {
			isa = PBXProject;
			attributes = {
				LastSwiftUpdateCheck = 0730;
				LastUpgradeCheck = 0730;
				ORGANIZATIONNAME = webmate;
				TargetAttributes = {
					B31F857B1D453BA900CF3EE9 = {
						CreatedOnToolsVersion = 7.3.1;
					};
				};
			};
			buildConfigurationList = B31F85771D453BA900CF3EE9 /* Build configuration list for PBXProject "pokeddex" */;
			compatibilityVersion = "Xcode 3.2";
			developmentRegion = English;
			hasScannedForEncodings = 0;
			knownRegions = (
				en,
				Base,
			);
			mainGroup = B31F85731D453BA900CF3EE9;
			productRefGroup = B31F857D1D453BA900CF3EE9 /* Products */;
			projectDirPath = "";
			projectRoot = "";
			targets = (
				B31F857B1D453BA900CF3EE9 /* pokeddex */,
			);
		};
/* End PBXProject section */

/* Begin PBXResourcesBuildPhase section */
		B31F857A1D453BA900CF3EE9 /* Resources */ = {
			isa = PBXResourcesBuildPhase;
			buildActionMask = 2147483647;
			files = (
				B31F858A1D453BA900CF3EE9 /* LaunchScreen.storyboard in Resources */,
				B37FB0D01D4DE71D0043D4B1 /* Pokemon.ttf in Resources */,
				B37FB0D21D4E568C0043D4B1 /* music.mp3 in Resources */,
				B37FB0D81D4E75440043D4B1 /* Main.storyboard in Resources */,
				B31F85871D453BA900CF3EE9 /* Assets.xcassets in Resources */,
				B31F85921D453D9300CF3EE9 /* pokemon.csv in Resources */,
			);
			runOnlyForDeploymentPostprocessing = 0;
		};
/* End PBXResourcesBuildPhase section */

/* Begin PBXShellScriptBuildPhase section */
		70B47E8E0455995C484B45F7 /* [CP] Embed Pods Frameworks */ = {
			isa = PBXShellScriptBuildPhase;
			buildActionMask = 2147483647;
			files = (
			);
			inputPaths = (
			);
			name = "[CP] Embed Pods Frameworks";
			outputPaths = (
			);
			runOnlyForDeploymentPostprocessing = 0;
			shellPath = /bin/sh;
			shellScript = "\"${SRCROOT}/Pods/Target Support Files/Pods-pokeddex/Pods-pokeddex-frameworks.sh\"\n";
			showEnvVarsInLog = 0;
		};
		85B28FE2479BDE17DCBF8BA2 /* [CP] Check Pods Manifest.lock */ = {
			isa = PBXShellScriptBuildPhase;
			buildActionMask = 2147483647;
			files = (
			);
			inputPaths = (
			);
			name = "[CP] Check Pods Manifest.lock";
			outputPaths = (
			);
			runOnlyForDeploymentPostprocessing = 0;
			shellPath = /bin/sh;
			shellScript = "diff \"${PODS_ROOT}/../Podfile.lock\" \"${PODS_ROOT}/Manifest.lock\" > /dev/null\nif [[ $? != 0 ]] ; then\n    cat << EOM\nerror: The sandbox is not in sync with the Podfile.lock. Run 'pod install' or update your CocoaPods installation.\nEOM\n    exit 1\nfi\n";
			showEnvVarsInLog = 0;
		};
		FB57122EE57C4A0487DB7988 /* [CP] Copy Pods Resources */ = {
			isa = PBXShellScriptBuildPhase;
			buildActionMask = 2147483647;
			files = (
			);
			inputPaths = (
			);
			name = "[CP] Copy Pods Resources";
			outputPaths = (
			);
			runOnlyForDeploymentPostprocessing = 0;
			shellPath = /bin/sh;
			shellScript = "\"${SRCROOT}/Pods/Target Support Files/Pods-pokeddex/Pods-pokeddex-resources.sh\"\n";
			showEnvVarsInLog = 0;
		};
/* End PBXShellScriptBuildPhase section */

/* Begin PBXSourcesBuildPhase section */
		B31F85781D453BA900CF3EE9 /* Sources */ = {
			isa = PBXSourcesBuildPhase;
			buildActionMask = 2147483647;
			files = (
				B343BB4A1D466A27001790E0 /* PokeCell.swift in Sources */,
				B31F85951D453ED100CF3EE9 /* pokemon.swift in Sources */,
				B31F85821D453BA900CF3EE9 /* ViewController.swift in Sources */,
				B31F85801D453BA900CF3EE9 /* AppDelegate.swift in Sources */,
				B39070B41D5CE34200959EC6 /* Constants.swift in Sources */,
				B343BB4C1D467B1B001790E0 /* csv.swift in Sources */,
				B37FB0D61D4E71BC0043D4B1 /* pokemonDetailVC.swift in Sources */,
			);
			runOnlyForDeploymentPostprocessing = 0;
		};
/* End PBXSourcesBuildPhase section */

/* Begin PBXVariantGroup section */
		B31F85881D453BA900CF3EE9 /* LaunchScreen.storyboard */ = {
			isa = PBXVariantGroup;
			children = (
				B31F85891D453BA900CF3EE9 /* Base */,
			);
			name = LaunchScreen.storyboard;
			sourceTree = "<group>";
		};
/* End PBXVariantGroup section */

/* Begin XCBuildConfiguration section */
		B31F858C1D453BA900CF3EE9 /* Debug */ = {
			isa = XCBuildConfiguration;
			buildSettings = {
				ALWAYS_SEARCH_USER_PATHS = NO;
				CLANG_ANALYZER_NONNULL = YES;
				CLANG_CXX_LANGUAGE_STANDARD = "gnu++0x";
				CLANG_CXX_LIBRARY = "libc++";
				CLANG_ENABLE_MODULES = YES;
				CLANG_ENABLE_OBJC_ARC = YES;
				CLANG_WARN_BOOL_CONVERSION = YES;
				CLANG_WARN_CONSTANT_CONVERSION = YES;
				CLANG_WARN_DIRECT_OBJC_ISA_USAGE = YES_ERROR;
				CLANG_WARN_EMPTY_BODY = YES;
				CLANG_WARN_ENUM_CONVERSION = YES;
				CLANG_WARN_INT_CONVERSION = YES;
				CLANG_WARN_OBJC_ROOT_CLASS = YES_ERROR;
				CLANG_WARN_UNREACHABLE_CODE = YES;
				CLANG_WARN__DUPLICATE_METHOD_MATCH = YES;
				"CODE_SIGN_IDENTITY[sdk=iphoneos*]" = "iPhone Developer";
				COPY_PHASE_STRIP = NO;
				DEBUG_INFORMATION_FORMAT = dwarf;
				ENABLE_STRICT_OBJC_MSGSEND = YES;
				ENABLE_TESTABILITY = YES;
				GCC_C_LANGUAGE_STANDARD = gnu99;
				GCC_DYNAMIC_NO_PIC = NO;
				GCC_NO_COMMON_BLOCKS = YES;
				GCC_OPTIMIZATION_LEVEL = 0;
				GCC_PREPROCESSOR_DEFINITIONS = (
					"DEBUG=1",
					"$(inherited)",
				);
				GCC_WARN_64_TO_32_BIT_CONVERSION = YES;
				GCC_WARN_ABOUT_RETURN_TYPE = YES_ERROR;
				GCC_WARN_UNDECLARED_SELECTOR = YES;
				GCC_WARN_UNINITIALIZED_AUTOS = YES_AGGRESSIVE;
				GCC_WARN_UNUSED_FUNCTION = YES;
				GCC_WARN_UNUSED_VARIABLE = YES;
				IPHONEOS_DEPLOYMENT_TARGET = 9.3;
				MTL_ENABLE_DEBUG_INFO = YES;
				ONLY_ACTIVE_ARCH = YES;
				SDKROOT = iphoneos;
				SWIFT_OPTIMIZATION_LEVEL = "-Onone";
				TARGETED_DEVICE_FAMILY = "1,2";
			};
			name = Debug;
		};
		B31F858D1D453BA900CF3EE9 /* Release */ = {
			isa = XCBuildConfiguration;
			buildSettings = {
				ALWAYS_SEARCH_USER_PATHS = NO;
				CLANG_ANALYZER_NONNULL = YES;
				CLANG_CXX_LANGUAGE_STANDARD = "gnu++0x";
				CLANG_CXX_LIBRARY = "libc++";
				CLANG_ENABLE_MODULES = YES;
				CLANG_ENABLE_OBJC_ARC = YES;
				CLANG_WARN_BOOL_CONVERSION = YES;
				CLANG_WARN_CONSTANT_CONVERSION = YES;
				CLANG_WARN_DIRECT_OBJC_ISA_USAGE = YES_ERROR;
				CLANG_WARN_EMPTY_BODY = YES;
				CLANG_WARN_ENUM_CONVERSION = YES;
				CLANG_WARN_INT_CONVERSION = YES;
				CLANG_WARN_OBJC_ROOT_CLASS = YES_ERROR;
				CLANG_WARN_UNREACHABLE_CODE = YES;
				CLANG_WARN__DUPLICATE_METHOD_MATCH = YES;
				"CODE_SIGN_IDENTITY[sdk=iphoneos*]" = "iPhone Developer";
				COPY_PHASE_STRIP = NO;
				DEBUG_INFORMATION_FORMAT = "dwarf-with-dsym";
				ENABLE_NS_ASSERTIONS = NO;
				ENABLE_STRICT_OBJC_MSGSEND = YES;
				GCC_C_LANGUAGE_STANDARD = gnu99;
				GCC_NO_COMMON_BLOCKS = YES;
				GCC_WARN_64_TO_32_BIT_CONVERSION = YES;
				GCC_WARN_ABOUT_RETURN_TYPE = YES_ERROR;
				GCC_WARN_UNDECLARED_SELECTOR = YES;
				GCC_WARN_UNINITIALIZED_AUTOS = YES_AGGRESSIVE;
				GCC_WARN_UNUSED_FUNCTION = YES;
				GCC_WARN_UNUSED_VARIABLE = YES;
				IPHONEOS_DEPLOYMENT_TARGET = 9.3;
				MTL_ENABLE_DEBUG_INFO = NO;
				SDKROOT = iphoneos;
				TARGETED_DEVICE_FAMILY = "1,2";
				VALIDATE_PRODUCT = YES;
			};
			name = Release;
		};
		B31F858F1D453BA900CF3EE9 /* Debug */ = {
			isa = XCBuildConfiguration;
			baseConfigurationReference = 632C42BA964773813C4BC841 /* Pods-pokeddex.debug.xcconfig */;
			buildSettings = {
				ASSETCATALOG_COMPILER_APPICON_NAME = AppIcon;
				INFOPLIST_FILE = pokeddex/Info.plist;
				LD_RUNPATH_SEARCH_PATHS = "$(inherited) @executable_path/Frameworks";
				PRODUCT_BUNDLE_IDENTIFIER = wemate.com.pokeddex;
				PRODUCT_NAME = "$(TARGET_NAME)";
			};
			name = Debug;
		};
		B31F85901D453BA900CF3EE9 /* Release */ = {
			isa = XCBuildConfiguration;
			baseConfigurationReference = 03B96E0B7D286A25A9F97A0A /* Pods-pokeddex.release.xcconfig */;
			buildSettings = {
				ASSETCATALOG_COMPILER_APPICON_NAME = AppIcon;
				INFOPLIST_FILE = pokeddex/Info.plist;
				LD_RUNPATH_SEARCH_PATHS = "$(inherited) @executable_path/Frameworks";
				PRODUCT_BUNDLE_IDENTIFIER = wemate.com.pokeddex;
				PRODUCT_NAME = "$(TARGET_NAME)";
			};
			name = Release;
		};
/* End XCBuildConfiguration section */

/* Begin XCConfigurationList section */
		B31F85771D453BA900CF3EE9 /* Build configuration list for PBXProject "pokeddex" */ = {
			isa = XCConfigurationList;
			buildConfigurations = (
				B31F858C1D453BA900CF3EE9 /* Debug */,
				B31F858D1D453BA900CF3EE9 /* Release */,
			);
			defaultConfigurationIsVisible = 0;
			defaultConfigurationName = Release;
		};
		B31F858E1D453BA900CF3EE9 /* Build configuration list for PBXNativeTarget "pokeddex" */ = {
			isa = XCConfigurationList;
			buildConfigurations = (
				B31F858F1D453BA900CF3EE9 /* Debug */,
				B31F85901D453BA900CF3EE9 /* Release */,
			);
			defaultConfigurationIsVisible = 0;
			defaultConfigurationName = Release;
		};
/* End XCConfigurationList section */
	};
	rootObject = B31F85741D453BA900CF3EE9 /* Project object */;
}
